// !$*UTF8*$!
{
	archiveVersion = 1;
	classes = {
	};
	objectVersion = 46;
	objects = {

/* Begin PBXBuildFile section */
		C864EF5E1E1ECAE100AB72B1 /* AppDelegate.swift in Sources */ = {isa = PBXBuildFile; fileRef = C864EF5D1E1ECAE100AB72B1 /* AppDelegate.swift */; };
		C864EF601E1ECAE100AB72B1 /* ViewController.swift in Sources */ = {isa = PBXBuildFile; fileRef = C864EF5F1E1ECAE100AB72B1 /* ViewController.swift */; };
		C864EF631E1ECAE100AB72B1 /* Main.storyboard in Resources */ = {isa = PBXBuildFile; fileRef = C864EF611E1ECAE100AB72B1 /* Main.storyboard */; };
		C864EF661E1ECAE100AB72B1 /* tik_tak_toe.xcdatamodeld in Sources */ = {isa = PBXBuildFile; fileRef = C864EF641E1ECAE100AB72B1 /* tik_tak_toe.xcdatamodeld */; };
		C864EF681E1ECAE100AB72B1 /* Assets.xcassets in Resources */ = {isa = PBXBuildFile; fileRef = C864EF671E1ECAE100AB72B1 /* Assets.xcassets */; };
		C864EF6B1E1ECAE100AB72B1 /* LaunchScreen.storyboard in Resources */ = {isa = PBXBuildFile; fileRef = C864EF691E1ECAE100AB72B1 /* LaunchScreen.storyboard */; };
/* End PBXBuildFile section */

/* Begin PBXFileReference section */
		C864EF5A1E1ECAE100AB72B1 /* tik-tak-toe.app */ = {isa = PBXFileReference; explicitFileType = wrapper.application; includeInIndex = 0; path = "tik-tak-toe.app"; sourceTree = BUILT_PRODUCTS_DIR; };
		C864EF5D1E1ECAE100AB72B1 /* AppDelegate.swift */ = {isa = PBXFileReference; lastKnownFileType = sourcecode.swift; path = AppDelegate.swift; sourceTree = "<group>"; };
		C864EF5F1E1ECAE100AB72B1 /* ViewController.swift */ = {isa = PBXFileReference; lastKnownFileType = sourcecode.swift; path = ViewController.swift; sourceTree = "<group>"; };
		C864EF621E1ECAE100AB72B1 /* Base */ = {isa = PBXFileReference; lastKnownFileType = file.storyboard; name = Base; path = Base.lproj/Main.storyboard; sourceTree = "<group>"; };
		C864EF651E1ECAE100AB72B1 /* tik_tak_toe.xcdatamodel */ = {isa = PBXFileReference; lastKnownFileType = wrapper.xcdatamodel; path = tik_tak_toe.xcdatamodel; sourceTree = "<group>"; };
		C864EF671E1ECAE100AB72B1 /* Assets.xcassets */ = {isa = PBXFileReference; lastKnownFileType = folder.assetcatalog; path = Assets.xcassets; sourceTree = "<group>"; };
		C864EF6A1E1ECAE100AB72B1 /* Base */ = {isa = PBXFileReference; lastKnownFileType = file.storyboard; name = Base; path = Base.lproj/LaunchScreen.storyboard; sourceTree = "<group>"; };
		C864EF6C1E1ECAE100AB72B1 /* Info.plist */ = {isa = PBXFileReference; lastKnownFileType = text.plist.xml; path = Info.plist; sourceTree = "<group>"; };
/* End PBXFileReference section */

/* Begin PBXFrameworksBuildPhase section */
		C864EF571E1ECAE100AB72B1 /* Frameworks */ = {
			isa = PBXFrameworksBuildPhase;
			buildActionMask = 2147483647;
			files = (
			);
			runOnlyForDeploymentPostprocessing = 0;
		};
/* End PBXFrameworksBuildPhase section */

/* Begin PBXGroup section */
		C864EF511E1ECAE100AB72B1 = {
			isa = PBXGroup;
			children = (
				C864EF5C1E1ECAE100AB72B1 /* tik-tak-toe */,
				C864EF5B1E1ECAE100AB72B1 /* Products */,
			);
			sourceTree = "<group>";
		};
		C864EF5B1E1ECAE100AB72B1 /* Products */ = {
			isa = PBXGroup;
			children = (
				C864EF5A1E1ECAE100AB72B1 /* tik-tak-toe.app */,
			);
			name = Products;
			sourceTree = "<group>";
		};
		C864EF5C1E1ECAE100AB72B1 /* tik-tak-toe */ = {
			isa = PBXGroup;
			children = (
				C864EF5D1E1ECAE100AB72B1 /* AppDelegate.swift */,
				C864EF5F1E1ECAE100AB72B1 /* ViewController.swift */,
				C864EF611E1ECAE100AB72B1 /* Main.storyboard */,
				C864EF671E1ECAE100AB72B1 /* Assets.xcassets */,
				C864EF691E1ECAE100AB72B1 /* LaunchScreen.storyboard */,
				C864EF6C1E1ECAE100AB72B1 /* Info.plist */,
				C864EF641E1ECAE100AB72B1 /* tik_tak_toe.xcdatamodeld */,
			);
			path = "tik-tak-toe";
			sourceTree = "<group>";
		};
/* End PBXGroup section */

/* Begin PBXNativeTarget section */
		C864EF591E1ECAE100AB72B1 /* tik-tak-toe */ = {
			isa = PBXNativeTarget;
			buildConfigurationList = C864EF6F1E1ECAE100AB72B1 /* Build configuration list for PBXNativeTarget "tik-tak-toe" */;
			buildPhases = (
				C864EF561E1ECAE100AB72B1 /* Sources */,
				C864EF571E1ECAE100AB72B1 /* Frameworks */,
				C864EF581E1ECAE100AB72B1 /* Resources */,
			);
			buildRules = (
			);
			dependencies = (
			);
			name = "tik-tak-toe";
			productName = "tik-tak-toe";
			productReference = C864EF5A1E1ECAE100AB72B1 /* tik-tak-toe.app */;
			productType = "com.apple.product-type.application";
		};
/* End PBXNativeTarget section */

/* Begin PBXProject section */
		C864EF521E1ECAE100AB72B1 /* Project object */ = {
			isa = PBXProject;
			attributes = {
				LastSwiftUpdateCheck = 0820;
				LastUpgradeCheck = 0820;
				ORGANIZATIONNAME = "Giorgos livas";
				TargetAttributes = {
					C864EF591E1ECAE100AB72B1 = {
						CreatedOnToolsVersion = 8.2.1;
						ProvisioningStyle = Automatic;
					};
				};
			};
			buildConfigurationList = C864EF551E1ECAE100AB72B1 /* Build configuration list for PBXProject "tik-tak-toe" */;
			compatibilityVersion = "Xcode 3.2";
			developmentRegion = English;
			hasScannedForEncodings = 0;
			knownRegions = (
				en,
				Base,
			);
			mainGroup = C864EF511E1ECAE100AB72B1;
			productRefGroup = C864EF5B1E1ECAE100AB72B1 /* Products */;
			projectDirPath = "";
			projectRoot = "";
			targets = (
				C864EF591E1ECAE100AB72B1 /* tik-tak-toe */,
			);
		};
/* End PBXProject section */

/* Begin PBXResourcesBuildPhase section */
		C864EF581E1ECAE100AB72B1 /* Resources */ = {
			isa = PBXResourcesBuildPhase;
			buildActionMask = 2147483647;
			files = (
				C864EF6B1E1ECAE100AB72B1 /* LaunchScreen.storyboard in Resources */,
				C864EF681E1ECAE100AB72B1 /* Assets.xcassets in Resources */,
				C864EF631E1ECAE100AB72B1 /* Main.storyboard in Resources */,
			);
			runOnlyForDeploymentPostprocessing = 0;
		};
/* End PBXResourcesBuildPhase section */

/* Begin PBXSourcesBuildPhase section */
		C864EF561E1ECAE100AB72B1 /* Sources */ = {
			isa = PBXSourcesBuildPhase;
			buildActionMask = 2147483647;
			files = (
				C864EF601E1ECAE100AB72B1 /* ViewController.swift in Sources */,
				C864EF5E1E1ECAE100AB72B1 /* AppDelegate.swift in Sources */,
				C864EF661E1ECAE100AB72B1 /* tik_tak_toe.xcdatamodeld in Sources */,
			);
			runOnlyForDeploymentPostprocessing = 0;
		};
/* End PBXSourcesBuildPhase section */

/* Begin PBXVariantGroup section */
		C864EF611E1ECAE100AB72B1 /* Main.storyboard */ = {
			isa = PBXVariantGroup;
			children = (
				C864EF621E1ECAE100AB72B1 /* Base */,
			);
			name = Main.storyboard;
			sourceTree = "<group>";
		};
		C864EF691E1ECAE100AB72B1 /* LaunchScreen.storyboard */ = {
			isa = PBXVariantGroup;
			children = (
				C864EF6A1E1ECAE100AB72B1 /* Base */,
			);
			name = LaunchScreen.storyboard;
			sourceTree = "<group>";
		};
/* End PBXVariantGroup section */

/* Begin XCBuildConfiguration section */
		C864EF6D1E1ECAE100AB72B1 /* Debug */ = {
			isa = XCBuildConfiguration;
			buildSettings = {
				ALWAYS_SEARCH_USER_PATHS = NO;
				CLANG_ANALYZER_NONNULL = YES;
				CLANG_CXX_LANGUAGE_STANDARD = "gnu++0x";
				CLANG_CXX_LIBRARY = "libc++";
				CLANG_ENABLE_MODULES = YES;
				CLANG_ENABLE_OBJC_ARC = YES;
				CLANG_WARN_BOOL_CONVERSION = YES;
				CLANG_WARN_CONSTANT_CONVERSION = YES;
				CLANG_WARN_DIRECT_OBJC_ISA_USAGE = YES_ERROR;
				CLANG_WARN_DOCUMENTATION_COMMENTS = YES;
				CLANG_WARN_EMPTY_BODY = YES;
				CLANG_WARN_ENUM_CONVERSION = YES;
				CLANG_WARN_INFINITE_RECURSION = YES;
				CLANG_WARN_INT_CONVERSION = YES;
				CLANG_WARN_OBJC_ROOT_CLASS = YES_ERROR;
				CLANG_WARN_SUSPICIOUS_MOVE = YES;
				CLANG_WARN_UNREACHABLE_CODE = YES;
				CLANG_WARN__DUPLICATE_METHOD_MATCH = YES;
				"CODE_SIGN_IDENTITY[sdk=iphoneos*]" = "iPhone Developer";
				COPY_PHASE_STRIP = NO;
				DEBUG_INFORMATION_FORMAT = dwarf;
				ENABLE_STRICT_OBJC_MSGSEND = YES;
				ENABLE_TESTABILITY = YES;
				GCC_C_LANGUAGE_STANDARD = gnu99;
				GCC_DYNAMIC_NO_PIC = NO;
				GCC_NO_COMMON_BLOCKS = YES;
				GCC_OPTIMIZATION_LEVEL = 0;
				GCC_PREPROCESSOR_DEFINITIONS = (
					"DEBUG=1",
					"$(inherited)",
				);
				GCC_WARN_64_TO_32_BIT_CONVERSION = YES;
				GCC_WARN_ABOUT_RETURN_TYPE = YES_ERROR;
				GCC_WARN_UNDECLARED_SELECTOR = YES;
				GCC_WARN_UNINITIALIZED_AUTOS = YES_AGGRESSIVE;
				GCC_WARN_UNUSED_FUNCTION = YES;
				GCC_WARN_UNUSED_VARIABLE = YES;
				IPHONEOS_DEPLOYMENT_TARGET = 10.2;
				MTL_ENABLE_DEBUG_INFO = YES;
				ONLY_ACTIVE_ARCH = YES;
				SDKROOT = iphoneos;
				SWIFT_ACTIVE_COMPILATION_CONDITIONS = DEBUG;
				SWIFT_OPTIMIZATION_LEVEL = "-Onone";
			};
			name = Debug;
		};
		C864EF6E1E1ECAE100AB72B1 /* Release */ = {
			isa = XCBuildConfiguration;
			buildSettings = {
				ALWAYS_SEARCH_USER_PATHS = NO;
				CLANG_ANALYZER_NONNULL = YES;
				CLANG_CXX_LANGUAGE_STANDARD = "gnu++0x";
				CLANG_CXX_LIBRARY = "libc++";
				CLANG_ENABLE_MODULES = YES;
				CLANG_ENABLE_OBJC_ARC = YES;
				CLANG_WARN_BOOL_CONVERSION = YES;
				CLANG_WARN_CONSTANT_CONVERSION = YES;
				CLANG_WARN_DIRECT_OBJC_ISA_USAGE = YES_ERROR;
				CLANG_WARN_DOCUMENTATION_COMMENTS = YES;
				CLANG_WARN_EMPTY_BODY = YES;
				CLANG_WARN_ENUM_CONVERSION = YES;
				CLANG_WARN_INFINITE_RECURSION = YES;
				CLANG_WARN_INT_CONVERSION = YES;
				CLANG_WARN_OBJC_ROOT_CLASS = YES_ERROR;
				CLANG_WARN_SUSPICIOUS_MOVE = YES;
				CLANG_WARN_UNREACHABLE_CODE = YES;
				CLANG_WARN__DUPLICATE_METHOD_MATCH = YES;
				"CODE_SIGN_IDENTITY[sdk=iphoneos*]" = "iPhone Developer";
				COPY_PHASE_STRIP = NO;
				DEBUG_INFORMATION_FORMAT = "dwarf-with-dsym";
				ENABLE_NS_ASSERTIONS = NO;
				ENABLE_STRICT_OBJC_MSGSEND = YES;
				GCC_C_LANGUAGE_STANDARD = gnu99;
				GCC_NO_COMMON_BLOCKS = YES;
				GCC_WARN_64_TO_32_BIT_CONVERSION = YES;
				GCC_WARN_ABOUT_RETURN_TYPE = YES_ERROR;
				GCC_WARN_UNDECLARED_SELECTOR = YES;
				GCC_WARN_UNINITIALIZED_AUTOS = YES_AGGRESSIVE;
				GCC_WARN_UNUSED_FUNCTION = YES;
				GCC_WARN_UNUSED_VARIABLE = YES;
				IPHONEOS_DEPLOYMENT_TARGET = 10.2;
				MTL_ENABLE_DEBUG_INFO = NO;
				SDKROOT = iphoneos;
				SWIFT_OPTIMIZATION_LEVEL = "-Owholemodule";
				VALIDATE_PRODUCT = YES;
			};
			name = Release;
		};
		C864EF701E1ECAE100AB72B1 /* Debug */ = {
			isa = XCBuildConfiguration;
			buildSettings = {
				ASSETCATALOG_COMPILER_APPICON_NAME = AppIcon;
				INFOPLIST_FILE = "tik-tak-toe/Info.plist";
				LD_RUNPATH_SEARCH_PATHS = "$(inherited) @executable_path/Frameworks";
				PRODUCT_BUNDLE_IDENTIFIER = "com.glivas.tik-tak-toe";
				PRODUCT_NAME = "$(TARGET_NAME)";
				SWIFT_VERSION = 3.0;
			};
			name = Debug;
		};
		C864EF711E1ECAE100AB72B1 /* Release */ = {
			isa = XCBuildConfiguration;
			buildSettings = {
				ASSETCATALOG_COMPILER_APPICON_NAME = AppIcon;
				INFOPLIST_FILE = "tik-tak-toe/Info.plist";
				LD_RUNPATH_SEARCH_PATHS = "$(inherited) @executable_path/Frameworks";
				PRODUCT_BUNDLE_IDENTIFIER = "com.glivas.tik-tak-toe";
				PRODUCT_NAME = "$(TARGET_NAME)";
				SWIFT_VERSION = 3.0;
			};
			name = Release;
		};
/* End XCBuildConfiguration section */

/* Begin XCConfigurationList section */
		C864EF551E1ECAE100AB72B1 /* Build configuration list for PBXProject "tik-tak-toe" */ = {
			isa = XCConfigurationList;
			buildConfigurations = (
				C864EF6D1E1ECAE100AB72B1 /* Debug */,
				C864EF6E1E1ECAE100AB72B1 /* Release */,
			);
			defaultConfigurationIsVisible = 0;
			defaultConfigurationName = Release;
		};
		C864EF6F1E1ECAE100AB72B1 /* Build configuration list for PBXNativeTarget "tik-tak-toe" */ = {
			isa = XCConfigurationList;
			buildConfigurations = (
				C864EF701E1ECAE100AB72B1 /* Debug */,
				C864EF711E1ECAE100AB72B1 /* Release */,
			);
			defaultConfigurationIsVisible = 0;
		};
/* End XCConfigurationList section */

/* Begin XCVersionGroup section */
		C864EF641E1ECAE100AB72B1 /* tik_tak_toe.xcdatamodeld */ = {
			isa = XCVersionGroup;
			children = (
				C864EF651E1ECAE100AB72B1 /* tik_tak_toe.xcdatamodel */,
			);
			currentVersion = C864EF651E1ECAE100AB72B1 /* tik_tak_toe.xcdatamodel */;
			path = tik_tak_toe.xcdatamodeld;
			sourceTree = "<group>";
			versionGroupType = wrapper.xcdatamodel;
		};
/* End XCVersionGroup section */
	};
	rootObject = C864EF521E1ECAE100AB72B1 /* Project object */;
}
